
Microsoft Visual Studio Solution File, Format Version 12.00
# Visual Studio Version 16
VisualStudioVersion = 16.0.29020.237
MinimumVisualStudioVersion = 10.0.40219.1
Project("{9A19103F-16F7-4668-BE54-9A1E7A4F7556}") = "IOT.Domain", "src\IOT.Domain\IOT.Domain.csproj", "{554AD327-6DBA-4F8F-96F8-81CE7A0C863F}"
EndProject
Project("{9A19103F-16F7-4668-BE54-9A1E7A4F7556}") = "IOT.Application", "src\IOT.Application\IOT.Application.csproj", "{1A94A50E-06DC-43C1-80B5-B662820EC3EB}"
EndProject
Project("{9A19103F-16F7-4668-BE54-9A1E7A4F7556}") = "IOT.Web", "src\IOT.Web\IOT.Web.csproj", "{068855E8-9240-4F1A-910B-CF825794513B}"
EndProject
Project("{2150E333-8FDC-42A3-9474-1A3956D46DE8}") = "src", "src", "{CA9AC87F-097E-4F15-8393-4BC07735A5B0}"
EndProject
Project("{9A19103F-16F7-4668-BE54-9A1E7A4F7556}") = "IOT.MongoDB", "src\IOT.MongoDB\IOT.MongoDB.csproj", "{E3444355-D47E-431E-BDD0-DD3A7113B2AE}"
EndProject
Project("{9A19103F-16F7-4668-BE54-9A1E7A4F7556}") = "IOT.Domain.Shared", "src\IOT.Domain.Shared\IOT.Domain.Shared.csproj", "{42F719ED-8413-4895-B5B4-5AB56079BC66}"
EndProject
Project("{9A19103F-16F7-4668-BE54-9A1E7A4F7556}") = "IOT.Application.Contracts", "src\IOT.Application.Contracts\IOT.Application.Contracts.csproj", "{520659C8-C734-4298-A3DA-B539DB9DFC0B}"
EndProject
Project("{9A19103F-16F7-4668-BE54-9A1E7A4F7556}") = "IOT.HttpApi", "src\IOT.HttpApi\IOT.HttpApi.csproj", "{4164BDF7-F527-4E85-9CE6-E3C2D7426A27}"
EndProject
Project("{9A19103F-16F7-4668-BE54-9A1E7A4F7556}") = "IOT.HttpApi.Client", "src\IOT.HttpApi.Client\IOT.HttpApi.Client.csproj", "{3B5A0094-670D-4BB1-BFDD-61B88A8773DC}"
EndProject
Project("{9A19103F-16F7-4668-BE54-9A1E7A4F7556}") = "IOT.DbMigrator", "src\IOT.DbMigrator\IOT.DbMigrator.csproj", "{AA94D832-1CCC-4715-95A9-A483F23A1A5D}"
EndProject
Project("{2150E333-8FDC-42A3-9474-1A3956D46DE8}") = "modules", "modules", "{04B292BE-B8F6-4339-9876-D8CB73A95F00}"
EndProject
Project("{2150E333-8FDC-42A3-9474-1A3956D46DE8}") = "Map", "Map", "{CA7C8EE9-3470-44A8-83BC-10A4ED535F0D}"
EndProject
Project("{9A19103F-16F7-4668-BE54-9A1E7A4F7556}") = "IOT.Map.Application", "..\modules\Map\src\IOT.Map.Application\IOT.Map.Application.csproj", "{CA73C3BB-46E3-42E0-8EAD-5CA1B1D26263}"
EndProject
Project("{9A19103F-16F7-4668-BE54-9A1E7A4F7556}") = "IOT.Map.Application.Contracts", "..\modules\Map\src\IOT.Map.Application.Contracts\IOT.Map.Application.Contracts.csproj", "{9948CA3C-A37E-4236-871A-41B719BD0A4F}"
EndProject
Project("{9A19103F-16F7-4668-BE54-9A1E7A4F7556}") = "IOT.Map.Blazor", "..\modules\Map\src\IOT.Map.Blazor\IOT.Map.Blazor.csproj", "{04AF073B-81B1-4483-AED3-9BE60DDF4499}"
EndProject
Project("{9A19103F-16F7-4668-BE54-9A1E7A4F7556}") = "IOT.Map.Domain", "..\modules\Map\src\IOT.Map.Domain\IOT.Map.Domain.csproj", "{FF93C36B-D6A2-4606-80C2-E6F37B8C0E57}"
EndProject
Project("{9A19103F-16F7-4668-BE54-9A1E7A4F7556}") = "IOT.Map.Domain.Shared", "..\modules\Map\src\IOT.Map.Domain.Shared\IOT.Map.Domain.Shared.csproj", "{50D251DC-0A91-45AE-B206-4FD9DEB5103D}"
EndProject
Project("{9A19103F-16F7-4668-BE54-9A1E7A4F7556}") = "IOT.Map.EntityFrameworkCore", "..\modules\Map\src\IOT.Map.EntityFrameworkCore\IOT.Map.EntityFrameworkCore.csproj", "{87248FC6-D165-4772-ABE7-A423D6BA31FE}"
EndProject
Project("{9A19103F-16F7-4668-BE54-9A1E7A4F7556}") = "IOT.Map.HttpApi", "..\modules\Map\src\IOT.Map.HttpApi\IOT.Map.HttpApi.csproj", "{BF7CF81F-B8CF-48C0-9FBC-EDD4F067C4CA}"
EndProject
Project("{9A19103F-16F7-4668-BE54-9A1E7A4F7556}") = "IOT.Map.HttpApi.Client", "..\modules\Map\src\IOT.Map.HttpApi.Client\IOT.Map.HttpApi.Client.csproj", "{0CCBCB5F-A18D-454B-A7B0-1D1BC7D892BE}"
EndProject
Project("{9A19103F-16F7-4668-BE54-9A1E7A4F7556}") = "IOT.Map.MongoDB", "..\modules\Map\src\IOT.Map.MongoDB\IOT.Map.MongoDB.csproj", "{F1121176-70D6-4E68-B1C1-DBD6DCAD2350}"
EndProject
Project("{9A19103F-16F7-4668-BE54-9A1E7A4F7556}") = "IOT.Map.Web", "..\modules\Map\src\IOT.Map.Web\IOT.Map.Web.csproj", "{14CF3715-3451-4614-BFBC-AA3DDF315D41}"
EndProject
Global
	GlobalSection(SolutionConfigurationPlatforms) = preSolution
		Debug|Any CPU = Debug|Any CPU
		Release|Any CPU = Release|Any CPU
	EndGlobalSection
	GlobalSection(ProjectConfigurationPlatforms) = postSolution
		{554AD327-6DBA-4F8F-96F8-81CE7A0C863F}.Debug|Any CPU.ActiveCfg = Debug|Any CPU
		{554AD327-6DBA-4F8F-96F8-81CE7A0C863F}.Debug|Any CPU.Build.0 = Debug|Any CPU
		{554AD327-6DBA-4F8F-96F8-81CE7A0C863F}.Release|Any CPU.ActiveCfg = Release|Any CPU
		{554AD327-6DBA-4F8F-96F8-81CE7A0C863F}.Release|Any CPU.Build.0 = Release|Any CPU
		{1A94A50E-06DC-43C1-80B5-B662820EC3EB}.Debug|Any CPU.ActiveCfg = Debug|Any CPU
		{1A94A50E-06DC-43C1-80B5-B662820EC3EB}.Debug|Any CPU.Build.0 = Debug|Any CPU
		{1A94A50E-06DC-43C1-80B5-B662820EC3EB}.Release|Any CPU.ActiveCfg = Release|Any CPU
		{1A94A50E-06DC-43C1-80B5-B662820EC3EB}.Release|Any CPU.Build.0 = Release|Any CPU
		{068855E8-9240-4F1A-910B-CF825794513B}.Debug|Any CPU.ActiveCfg = Debug|Any CPU
		{068855E8-9240-4F1A-910B-CF825794513B}.Debug|Any CPU.Build.0 = Debug|Any CPU
		{068855E8-9240-4F1A-910B-CF825794513B}.Release|Any CPU.ActiveCfg = Release|Any CPU
		{068855E8-9240-4F1A-910B-CF825794513B}.Release|Any CPU.Build.0 = Release|Any CPU
		{E3444355-D47E-431E-BDD0-DD3A7113B2AE}.Debug|Any CPU.ActiveCfg = Debug|Any CPU
		{E3444355-D47E-431E-BDD0-DD3A7113B2AE}.Debug|Any CPU.Build.0 = Debug|Any CPU
		{E3444355-D47E-431E-BDD0-DD3A7113B2AE}.Release|Any CPU.ActiveCfg = Release|Any CPU
		{E3444355-D47E-431E-BDD0-DD3A7113B2AE}.Release|Any CPU.Build.0 = Release|Any CPU
		{42F719ED-8413-4895-B5B4-5AB56079BC66}.Debug|Any CPU.ActiveCfg = Debug|Any CPU
		{42F719ED-8413-4895-B5B4-5AB56079BC66}.Debug|Any CPU.Build.0 = Debug|Any CPU
		{42F719ED-8413-4895-B5B4-5AB56079BC66}.Release|Any CPU.ActiveCfg = Release|Any CPU
		{42F719ED-8413-4895-B5B4-5AB56079BC66}.Release|Any CPU.Build.0 = Release|Any CPU
		{520659C8-C734-4298-A3DA-B539DB9DFC0B}.Debug|Any CPU.ActiveCfg = Debug|Any CPU
		{520659C8-C734-4298-A3DA-B539DB9DFC0B}.Debug|Any CPU.Build.0 = Debug|Any CPU
		{520659C8-C734-4298-A3DA-B539DB9DFC0B}.Release|Any CPU.ActiveCfg = Release|Any CPU
		{520659C8-C734-4298-A3DA-B539DB9DFC0B}.Release|Any CPU.Build.0 = Release|Any CPU
		{4164BDF7-F527-4E85-9CE6-E3C2D7426A27}.Debug|Any CPU.ActiveCfg = Debug|Any CPU
		{4164BDF7-F527-4E85-9CE6-E3C2D7426A27}.Debug|Any CPU.Build.0 = Debug|Any CPU
		{4164BDF7-F527-4E85-9CE6-E3C2D7426A27}.Release|Any CPU.ActiveCfg = Release|Any CPU
		{4164BDF7-F527-4E85-9CE6-E3C2D7426A27}.Release|Any CPU.Build.0 = Release|Any CPU
		{3B5A0094-670D-4BB1-BFDD-61B88A8773DC}.Debug|Any CPU.ActiveCfg = Debug|Any CPU
		{3B5A0094-670D-4BB1-BFDD-61B88A8773DC}.Debug|Any CPU.Build.0 = Debug|Any CPU
		{3B5A0094-670D-4BB1-BFDD-61B88A8773DC}.Release|Any CPU.ActiveCfg = Release|Any CPU
		{3B5A0094-670D-4BB1-BFDD-61B88A8773DC}.Release|Any CPU.Build.0 = Release|Any CPU
		{AA94D832-1CCC-4715-95A9-A483F23A1A5D}.Debug|Any CPU.ActiveCfg = Debug|Any CPU
		{AA94D832-1CCC-4715-95A9-A483F23A1A5D}.Debug|Any CPU.Build.0 = Debug|Any CPU
		{AA94D832-1CCC-4715-95A9-A483F23A1A5D}.Release|Any CPU.ActiveCfg = Release|Any CPU
		{AA94D832-1CCC-4715-95A9-A483F23A1A5D}.Release|Any CPU.Build.0 = Release|Any CPU
		{CA73C3BB-46E3-42E0-8EAD-5CA1B1D26263}.Debug|Any CPU.ActiveCfg = Debug|Any CPU
		{CA73C3BB-46E3-42E0-8EAD-5CA1B1D26263}.Debug|Any CPU.Build.0 = Debug|Any CPU
		{CA73C3BB-46E3-42E0-8EAD-5CA1B1D26263}.Release|Any CPU.ActiveCfg = Release|Any CPU
		{CA73C3BB-46E3-42E0-8EAD-5CA1B1D26263}.Release|Any CPU.Build.0 = Release|Any CPU
		{9948CA3C-A37E-4236-871A-41B719BD0A4F}.Debug|Any CPU.ActiveCfg = Debug|Any CPU
		{9948CA3C-A37E-4236-871A-41B719BD0A4F}.Debug|Any CPU.Build.0 = Debug|Any CPU
		{9948CA3C-A37E-4236-871A-41B719BD0A4F}.Release|Any CPU.ActiveCfg = Release|Any CPU
		{9948CA3C-A37E-4236-871A-41B719BD0A4F}.Release|Any CPU.Build.0 = Release|Any CPU
		{04AF073B-81B1-4483-AED3-9BE60DDF4499}.Debug|Any CPU.ActiveCfg = Debug|Any CPU
		{04AF073B-81B1-4483-AED3-9BE60DDF4499}.Debug|Any CPU.Build.0 = Debug|Any CPU
		{04AF073B-81B1-4483-AED3-9BE60DDF4499}.Release|Any CPU.ActiveCfg = Release|Any CPU
		{04AF073B-81B1-4483-AED3-9BE60DDF4499}.Release|Any CPU.Build.0 = Release|Any CPU
		{FF93C36B-D6A2-4606-80C2-E6F37B8C0E57}.Debug|Any CPU.ActiveCfg = Debug|Any CPU
		{FF93C36B-D6A2-4606-80C2-E6F37B8C0E57}.Debug|Any CPU.Build.0 = Debug|Any CPU
		{FF93C36B-D6A2-4606-80C2-E6F37B8C0E57}.Release|Any CPU.ActiveCfg = Release|Any CPU
		{FF93C36B-D6A2-4606-80C2-E6F37B8C0E57}.Release|Any CPU.Build.0 = Release|Any CPU
		{50D251DC-0A91-45AE-B206-4FD9DEB5103D}.Debug|Any CPU.ActiveCfg = Debug|Any CPU
		{50D251DC-0A91-45AE-B206-4FD9DEB5103D}.Debug|Any CPU.Build.0 = Debug|Any CPU
		{50D251DC-0A91-45AE-B206-4FD9DEB5103D}.Release|Any CPU.ActiveCfg = Release|Any CPU
		{50D251DC-0A91-45AE-B206-4FD9DEB5103D}.Release|Any CPU.Build.0 = Release|Any CPU
		{87248FC6-D165-4772-ABE7-A423D6BA31FE}.Debug|Any CPU.ActiveCfg = Debug|Any CPU
		{87248FC6-D165-4772-ABE7-A423D6BA31FE}.Debug|Any CPU.Build.0 = Debug|Any CPU
		{87248FC6-D165-4772-ABE7-A423D6BA31FE}.Release|Any CPU.ActiveCfg = Release|Any CPU
		{87248FC6-D165-4772-ABE7-A423D6BA31FE}.Release|Any CPU.Build.0 = Release|Any CPU
		{BF7CF81F-B8CF-48C0-9FBC-EDD4F067C4CA}.Debug|Any CPU.ActiveCfg = Debug|Any CPU
		{BF7CF81F-B8CF-48C0-9FBC-EDD4F067C4CA}.Debug|Any CPU.Build.0 = Debug|Any CPU
		{BF7CF81F-B8CF-48C0-9FBC-EDD4F067C4CA}.Release|Any CPU.ActiveCfg = Release|Any CPU
		{BF7CF81F-B8CF-48C0-9FBC-EDD4F067C4CA}.Release|Any CPU.Build.0 = Release|Any CPU
		{0CCBCB5F-A18D-454B-A7B0-1D1BC7D892BE}.Debug|Any CPU.ActiveCfg = Debug|Any CPU
		{0CCBCB5F-A18D-454B-A7B0-1D1BC7D892BE}.Debug|Any CPU.Build.0 = Debug|Any CPU
		{0CCBCB5F-A18D-454B-A7B0-1D1BC7D892BE}.Release|Any CPU.ActiveCfg = Release|Any CPU
		{0CCBCB5F-A18D-454B-A7B0-1D1BC7D892BE}.Release|Any CPU.Build.0 = Release|Any CPU
		{F1121176-70D6-4E68-B1C1-DBD6DCAD2350}.Debug|Any CPU.ActiveCfg = Debug|Any CPU
		{F1121176-70D6-4E68-B1C1-DBD6DCAD2350}.Debug|Any CPU.Build.0 = Debug|Any CPU
		{F1121176-70D6-4E68-B1C1-DBD6DCAD2350}.Release|Any CPU.ActiveCfg = Release|Any CPU
		{F1121176-70D6-4E68-B1C1-DBD6DCAD2350}.Release|Any CPU.Build.0 = Release|Any CPU
		{14CF3715-3451-4614-BFBC-AA3DDF315D41}.Debug|Any CPU.ActiveCfg = Debug|Any CPU
		{14CF3715-3451-4614-BFBC-AA3DDF315D41}.Debug|Any CPU.Build.0 = Debug|Any CPU
		{14CF3715-3451-4614-BFBC-AA3DDF315D41}.Release|Any CPU.ActiveCfg = Release|Any CPU
		{14CF3715-3451-4614-BFBC-AA3DDF315D41}.Release|Any CPU.Build.0 = Release|Any CPU
	EndGlobalSection
	GlobalSection(SolutionProperties) = preSolution
		HideSolutionNode = FALSE
	EndGlobalSection
	GlobalSection(NestedProjects) = preSolution
		{554AD327-6DBA-4F8F-96F8-81CE7A0C863F} = {CA9AC87F-097E-4F15-8393-4BC07735A5B0}
		{1A94A50E-06DC-43C1-80B5-B662820EC3EB} = {CA9AC87F-097E-4F15-8393-4BC07735A5B0}
		{068855E8-9240-4F1A-910B-CF825794513B} = {CA9AC87F-097E-4F15-8393-4BC07735A5B0}
		{E3444355-D47E-431E-BDD0-DD3A7113B2AE} = {CA9AC87F-097E-4F15-8393-4BC07735A5B0}
		{42F719ED-8413-4895-B5B4-5AB56079BC66} = {CA9AC87F-097E-4F15-8393-4BC07735A5B0}
		{520659C8-C734-4298-A3DA-B539DB9DFC0B} = {CA9AC87F-097E-4F15-8393-4BC07735A5B0}
		{4164BDF7-F527-4E85-9CE6-E3C2D7426A27} = {CA9AC87F-097E-4F15-8393-4BC07735A5B0}
		{3B5A0094-670D-4BB1-BFDD-61B88A8773DC} = {CA9AC87F-097E-4F15-8393-4BC07735A5B0}
		{AA94D832-1CCC-4715-95A9-A483F23A1A5D} = {CA9AC87F-097E-4F15-8393-4BC07735A5B0}
		{CA7C8EE9-3470-44A8-83BC-10A4ED535F0D} = {04B292BE-B8F6-4339-9876-D8CB73A95F00}
		{CA73C3BB-46E3-42E0-8EAD-5CA1B1D26263} = {CA7C8EE9-3470-44A8-83BC-10A4ED535F0D}
		{9948CA3C-A37E-4236-871A-41B719BD0A4F} = {CA7C8EE9-3470-44A8-83BC-10A4ED535F0D}
		{04AF073B-81B1-4483-AED3-9BE60DDF4499} = {CA7C8EE9-3470-44A8-83BC-10A4ED535F0D}
		{FF93C36B-D6A2-4606-80C2-E6F37B8C0E57} = {CA7C8EE9-3470-44A8-83BC-10A4ED535F0D}
		{50D251DC-0A91-45AE-B206-4FD9DEB5103D} = {CA7C8EE9-3470-44A8-83BC-10A4ED535F0D}
		{87248FC6-D165-4772-ABE7-A423D6BA31FE} = {CA7C8EE9-3470-44A8-83BC-10A4ED535F0D}
		{BF7CF81F-B8CF-48C0-9FBC-EDD4F067C4CA} = {CA7C8EE9-3470-44A8-83BC-10A4ED535F0D}
		{0CCBCB5F-A18D-454B-A7B0-1D1BC7D892BE} = {CA7C8EE9-3470-44A8-83BC-10A4ED535F0D}
		{F1121176-70D6-4E68-B1C1-DBD6DCAD2350} = {CA7C8EE9-3470-44A8-83BC-10A4ED535F0D}
		{14CF3715-3451-4614-BFBC-AA3DDF315D41} = {CA7C8EE9-3470-44A8-83BC-10A4ED535F0D}
	EndGlobalSection
	GlobalSection(ExtensibilityGlobals) = postSolution
		SolutionGuid = {28315BFD-90E7-4E14-A2EA-F3D23AF4126F}
	EndGlobalSection
EndGlobal
